PODS:
  - Alamofire (5.9.1)
  - IQKeyboardManagerSwift (6.5.16)
  - Kingfisher (7.11.0)
  - MBProgressHUD (1.2.0)

DEPENDENCIES:
  - Alamofire
  - IQKeyboardManagerSwift
  - Kingfisher (~> 7.0)
  - MBProgressHUD (~> 1.2.0)

SPEC REPOS:
  trunk:
    - Alamofire
    - IQKeyboardManagerSwift
    - Kingfisher
    - MBProgressHUD

SPEC CHECKSUMS:
  Alamofire: f36a35757af4587d8e4f4bfa223ad10be2422b8c
  IQKeyboardManagerSwift: 12d89768845bb77b55cc092ecc2b1f9370f06b76
  Kingfisher: b9c985d864d43515f404f1ef4a8ce7d802ace3ac
  MBProgressHUD: 3ee5efcc380f6a79a7cc9b363dd669c5e1ae7406

PODFILE CHECKSUM: 7cdb8b4bce9c86e74e0a0e324c7da4fdce8f237f

COCOAPODS: 1.15.2
